
Microsoft Visual Studio Solution File, Format Version 12.00
# Visual Studio Version 17
VisualStudioVersion = 17.13.35919.96 d17.13
MinimumVisualStudioVersion = 10.0.40219.1
Project("{FAE04EC0-301F-11D3-BF4B-00C04F79EFBC}") = "Dela Rama_Activity 1", "Dela Rama_Activity 1.csproj", "{0F9187DD-D8E7-4A3F-AF56-18BF126FD55C}"
EndProject
Global
	GlobalSection(SolutionConfigurationPlatforms) = preSolution
		Debug|Any CPU = Debug|Any CPU
		Release|Any CPU = Release|Any CPU
	EndGlobalSection
	GlobalSection(ProjectConfigurationPlatforms) = postSolution
		{0F9187DD-D8E7-4A3F-AF56-18BF126FD55C}.Debug|Any CPU.ActiveCfg = Debug|Any CPU
		{0F9187DD-D8E7-4A3F-AF56-18BF126FD55C}.Debug|Any CPU.Build.0 = Debug|Any CPU
		{0F9187DD-D8E7-4A3F-AF56-18BF126FD55C}.Release|Any CPU.ActiveCfg = Release|Any CPU
		{0F9187DD-D8E7-4A3F-AF56-18BF126FD55C}.Release|Any CPU.Build.0 = Release|Any CPU
	EndGlobalSection
	GlobalSection(SolutionProperties) = preSolution
		HideSolutionNode = FALSE
	EndGlobalSection
	GlobalSection(ExtensibilityGlobals) = postSolution
		SolutionGuid = {1B58F232-8854-40C6-AD48-B0DBDC4AD27B}
	EndGlobalSection
EndGlobal
